// !$*UTF8*$!
{
	archiveVersion = 1;
	classes = {
	};
	objectVersion = 50;
	objects = {

/* Begin PBXBuildFile section */
		1AA17CD8ED82DC74C35BD3DA /* Pods_Home_Research.framework in Frameworks */ = {isa = PBXBuildFile; fileRef = AA9AA4DE48F11009E23453DA /* Pods_Home_Research.framework */; };
		609D7B3B2B303AEF0FBA56DD /* Pods_Home_ResearchTests.framework in Frameworks */ = {isa = PBXBuildFile; fileRef = 666BAA51006CD85DF0E8A2DD /* Pods_Home_ResearchTests.framework */; };
		8B01DFF5214E742900068EA8 /* AppDelegate.swift in Sources */ = {isa = PBXBuildFile; fileRef = 8B01DFF4214E742900068EA8 /* AppDelegate.swift */; };
		8B01DFFA214E742A00068EA8 /* Main.storyboard in Resources */ = {isa = PBXBuildFile; fileRef = 8B01DFF8214E742A00068EA8 /* Main.storyboard */; };
		8B01DFFD214E742A00068EA8 /* Home_Research.xcdatamodeld in Sources */ = {isa = PBXBuildFile; fileRef = 8B01DFFB214E742A00068EA8 /* Home_Research.xcdatamodeld */; };
		8B01DFFF214E742B00068EA8 /* Assets.xcassets in Resources */ = {isa = PBXBuildFile; fileRef = 8B01DFFE214E742B00068EA8 /* Assets.xcassets */; };
		8B01E002214E742B00068EA8 /* LaunchScreen.storyboard in Resources */ = {isa = PBXBuildFile; fileRef = 8B01E000214E742B00068EA8 /* LaunchScreen.storyboard */; };
		8B01E00D214E742B00068EA8 /* Home_ResearchTests.swift in Sources */ = {isa = PBXBuildFile; fileRef = 8B01E00C214E742B00068EA8 /* Home_ResearchTests.swift */; };
		8B01E018214E742B00068EA8 /* Home_ResearchUITests.swift in Sources */ = {isa = PBXBuildFile; fileRef = 8B01E017214E742B00068EA8 /* Home_ResearchUITests.swift */; };
		8B01E026214E7A8F00068EA8 /* HomePropertyTests.swift in Sources */ = {isa = PBXBuildFile; fileRef = 8B01E025214E7A8F00068EA8 /* HomePropertyTests.swift */; };
		8B01E028214E7A9C00068EA8 /* HomeProperty.swift in Sources */ = {isa = PBXBuildFile; fileRef = 8B01E027214E7A9C00068EA8 /* HomeProperty.swift */; };
		8B01E02A214E88E200068EA8 /* HomePropertyManagerSpec.swift in Sources */ = {isa = PBXBuildFile; fileRef = 8B01E029214E88E200068EA8 /* HomePropertyManagerSpec.swift */; };
		8B01E02C214E893100068EA8 /* HomePropertyManager.swift in Sources */ = {isa = PBXBuildFile; fileRef = 8B01E02B214E893100068EA8 /* HomePropertyManager.swift */; };
		8B01E02E214E8ED600068EA8 /* HomePropertyTableViewController.swift in Sources */ = {isa = PBXBuildFile; fileRef = 8B01E02D214E8ED600068EA8 /* HomePropertyTableViewController.swift */; };
		D44E41F735652B2969470244 /* Pods_Home_ResearchUITests.framework in Frameworks */ = {isa = PBXBuildFile; fileRef = A31F84C501387ADA56DD67D6 /* Pods_Home_ResearchUITests.framework */; };
/* End PBXBuildFile section */

/* Begin PBXContainerItemProxy section */
		8B01E009214E742B00068EA8 /* PBXContainerItemProxy */ = {
			isa = PBXContainerItemProxy;
			containerPortal = 8B01DFE9214E742900068EA8 /* Project object */;
			proxyType = 1;
			remoteGlobalIDString = 8B01DFF0214E742900068EA8;
			remoteInfo = "Home Research";
		};
		8B01E014214E742B00068EA8 /* PBXContainerItemProxy */ = {
			isa = PBXContainerItemProxy;
			containerPortal = 8B01DFE9214E742900068EA8 /* Project object */;
			proxyType = 1;
			remoteGlobalIDString = 8B01DFF0214E742900068EA8;
			remoteInfo = "Home Research";
		};
/* End PBXContainerItemProxy section */

/* Begin PBXFileReference section */
		1D1DD420AE133D1825CE706B /* Pods-Home ResearchUITests.debug.xcconfig */ = {isa = PBXFileReference; includeInIndex = 1; lastKnownFileType = text.xcconfig; name = "Pods-Home ResearchUITests.debug.xcconfig"; path = "Pods/Target Support Files/Pods-Home ResearchUITests/Pods-Home ResearchUITests.debug.xcconfig"; sourceTree = "<group>"; };
		666BAA51006CD85DF0E8A2DD /* Pods_Home_ResearchTests.framework */ = {isa = PBXFileReference; explicitFileType = wrapper.framework; includeInIndex = 0; path = Pods_Home_ResearchTests.framework; sourceTree = BUILT_PRODUCTS_DIR; };
		69512BD98AAC6778A493D420 /* Pods-Home ResearchUITests.release.xcconfig */ = {isa = PBXFileReference; includeInIndex = 1; lastKnownFileType = text.xcconfig; name = "Pods-Home ResearchUITests.release.xcconfig"; path = "Pods/Target Support Files/Pods-Home ResearchUITests/Pods-Home ResearchUITests.release.xcconfig"; sourceTree = "<group>"; };
		86529E4A457D0DA63C50091B /* Pods-Home ResearchTests.debug.xcconfig */ = {isa = PBXFileReference; includeInIndex = 1; lastKnownFileType = text.xcconfig; name = "Pods-Home ResearchTests.debug.xcconfig"; path = "Pods/Target Support Files/Pods-Home ResearchTests/Pods-Home ResearchTests.debug.xcconfig"; sourceTree = "<group>"; };
		8B01DFF1214E742900068EA8 /* Home Research.app */ = {isa = PBXFileReference; explicitFileType = wrapper.application; includeInIndex = 0; path = "Home Research.app"; sourceTree = BUILT_PRODUCTS_DIR; };
		8B01DFF4214E742900068EA8 /* AppDelegate.swift */ = {isa = PBXFileReference; lastKnownFileType = sourcecode.swift; path = AppDelegate.swift; sourceTree = "<group>"; };
		8B01DFF9214E742A00068EA8 /* Base */ = {isa = PBXFileReference; lastKnownFileType = file.storyboard; name = Base; path = Base.lproj/Main.storyboard; sourceTree = "<group>"; };
		8B01DFFC214E742A00068EA8 /* Home_Research.xcdatamodel */ = {isa = PBXFileReference; lastKnownFileType = wrapper.xcdatamodel; path = Home_Research.xcdatamodel; sourceTree = "<group>"; };
		8B01DFFE214E742B00068EA8 /* Assets.xcassets */ = {isa = PBXFileReference; lastKnownFileType = folder.assetcatalog; path = Assets.xcassets; sourceTree = "<group>"; };
		8B01E001214E742B00068EA8 /* Base */ = {isa = PBXFileReference; lastKnownFileType = file.storyboard; name = Base; path = Base.lproj/LaunchScreen.storyboard; sourceTree = "<group>"; };
		8B01E003214E742B00068EA8 /* Info.plist */ = {isa = PBXFileReference; lastKnownFileType = text.plist.xml; path = Info.plist; sourceTree = "<group>"; };
		8B01E008214E742B00068EA8 /* Home ResearchTests.xctest */ = {isa = PBXFileReference; explicitFileType = wrapper.cfbundle; includeInIndex = 0; path = "Home ResearchTests.xctest"; sourceTree = BUILT_PRODUCTS_DIR; };
		8B01E00C214E742B00068EA8 /* Home_ResearchTests.swift */ = {isa = PBXFileReference; lastKnownFileType = sourcecode.swift; path = Home_ResearchTests.swift; sourceTree = "<group>"; };
		8B01E00E214E742B00068EA8 /* Info.plist */ = {isa = PBXFileReference; lastKnownFileType = text.plist.xml; path = Info.plist; sourceTree = "<group>"; };
		8B01E013214E742B00068EA8 /* Home ResearchUITests.xctest */ = {isa = PBXFileReference; explicitFileType = wrapper.cfbundle; includeInIndex = 0; path = "Home ResearchUITests.xctest"; sourceTree = BUILT_PRODUCTS_DIR; };
		8B01E017214E742B00068EA8 /* Home_ResearchUITests.swift */ = {isa = PBXFileReference; lastKnownFileType = sourcecode.swift; path = Home_ResearchUITests.swift; sourceTree = "<group>"; };
		8B01E019214E742B00068EA8 /* Info.plist */ = {isa = PBXFileReference; lastKnownFileType = text.plist.xml; path = Info.plist; sourceTree = "<group>"; };
		8B01E025214E7A8F00068EA8 /* HomePropertyTests.swift */ = {isa = PBXFileReference; lastKnownFileType = sourcecode.swift; path = HomePropertyTests.swift; sourceTree = "<group>"; };
		8B01E027214E7A9C00068EA8 /* HomeProperty.swift */ = {isa = PBXFileReference; lastKnownFileType = sourcecode.swift; path = HomeProperty.swift; sourceTree = "<group>"; };
		8B01E029214E88E200068EA8 /* HomePropertyManagerSpec.swift */ = {isa = PBXFileReference; lastKnownFileType = sourcecode.swift; path = HomePropertyManagerSpec.swift; sourceTree = "<group>"; };
		8B01E02B214E893100068EA8 /* HomePropertyManager.swift */ = {isa = PBXFileReference; lastKnownFileType = sourcecode.swift; path = HomePropertyManager.swift; sourceTree = "<group>"; };
		8B01E02D214E8ED600068EA8 /* HomePropertyTableViewController.swift */ = {isa = PBXFileReference; lastKnownFileType = sourcecode.swift; path = HomePropertyTableViewController.swift; sourceTree = "<group>"; };
		8E52C7B1F3B7B6079B764F6F /* Pods-Home ResearchTests.release.xcconfig */ = {isa = PBXFileReference; includeInIndex = 1; lastKnownFileType = text.xcconfig; name = "Pods-Home ResearchTests.release.xcconfig"; path = "Pods/Target Support Files/Pods-Home ResearchTests/Pods-Home ResearchTests.release.xcconfig"; sourceTree = "<group>"; };
		984F5CFC6A5FABB2725D8329 /* Pods-Home Research.debug.xcconfig */ = {isa = PBXFileReference; includeInIndex = 1; lastKnownFileType = text.xcconfig; name = "Pods-Home Research.debug.xcconfig"; path = "Pods/Target Support Files/Pods-Home Research/Pods-Home Research.debug.xcconfig"; sourceTree = "<group>"; };
		A31F84C501387ADA56DD67D6 /* Pods_Home_ResearchUITests.framework */ = {isa = PBXFileReference; explicitFileType = wrapper.framework; includeInIndex = 0; path = Pods_Home_ResearchUITests.framework; sourceTree = BUILT_PRODUCTS_DIR; };
		AA9AA4DE48F11009E23453DA /* Pods_Home_Research.framework */ = {isa = PBXFileReference; explicitFileType = wrapper.framework; includeInIndex = 0; path = Pods_Home_Research.framework; sourceTree = BUILT_PRODUCTS_DIR; };
		AEA9342CA2E22797B59200E1 /* Pods-Home Research.release.xcconfig */ = {isa = PBXFileReference; includeInIndex = 1; lastKnownFileType = text.xcconfig; name = "Pods-Home Research.release.xcconfig"; path = "Pods/Target Support Files/Pods-Home Research/Pods-Home Research.release.xcconfig"; sourceTree = "<group>"; };
/* End PBXFileReference section */

/* Begin PBXFrameworksBuildPhase section */
		8B01DFEE214E742900068EA8 /* Frameworks */ = {
			isa = PBXFrameworksBuildPhase;
			buildActionMask = 2147483647;
			files = (
				1AA17CD8ED82DC74C35BD3DA /* Pods_Home_Research.framework in Frameworks */,
			);
			runOnlyForDeploymentPostprocessing = 0;
		};
		8B01E005214E742B00068EA8 /* Frameworks */ = {
			isa = PBXFrameworksBuildPhase;
			buildActionMask = 2147483647;
			files = (
				609D7B3B2B303AEF0FBA56DD /* Pods_Home_ResearchTests.framework in Frameworks */,
			);
			runOnlyForDeploymentPostprocessing = 0;
		};
		8B01E010214E742B00068EA8 /* Frameworks */ = {
			isa = PBXFrameworksBuildPhase;
			buildActionMask = 2147483647;
			files = (
				D44E41F735652B2969470244 /* Pods_Home_ResearchUITests.framework in Frameworks */,
			);
			runOnlyForDeploymentPostprocessing = 0;
		};
/* End PBXFrameworksBuildPhase section */

/* Begin PBXGroup section */
		6D9CB71129C6C789D4EDFB9C /* Frameworks */ = {
			isa = PBXGroup;
			children = (
				AA9AA4DE48F11009E23453DA /* Pods_Home_Research.framework */,
				666BAA51006CD85DF0E8A2DD /* Pods_Home_ResearchTests.framework */,
				A31F84C501387ADA56DD67D6 /* Pods_Home_ResearchUITests.framework */,
			);
			name = Frameworks;
			sourceTree = "<group>";
		};
		8B01DFE8214E742900068EA8 = {
			isa = PBXGroup;
			children = (
				8B01DFF3214E742900068EA8 /* Home Research */,
				8B01E00B214E742B00068EA8 /* Home ResearchTests */,
				8B01E016214E742B00068EA8 /* Home ResearchUITests */,
				8B01DFF2214E742900068EA8 /* Products */,
				96902A8459D070D49F9BC849 /* Pods */,
				6D9CB71129C6C789D4EDFB9C /* Frameworks */,
			);
			sourceTree = "<group>";
		};
		8B01DFF2214E742900068EA8 /* Products */ = {
			isa = PBXGroup;
			children = (
				8B01DFF1214E742900068EA8 /* Home Research.app */,
				8B01E008214E742B00068EA8 /* Home ResearchTests.xctest */,
				8B01E013214E742B00068EA8 /* Home ResearchUITests.xctest */,
			);
			name = Products;
			sourceTree = "<group>";
		};
		8B01DFF3214E742900068EA8 /* Home Research */ = {
			isa = PBXGroup;
			children = (
				8B01DFF4214E742900068EA8 /* AppDelegate.swift */,
				8B01DFF8214E742A00068EA8 /* Main.storyboard */,
				8B01DFFE214E742B00068EA8 /* Assets.xcassets */,
				8B01E000214E742B00068EA8 /* LaunchScreen.storyboard */,
				8B01E003214E742B00068EA8 /* Info.plist */,
				8B01DFFB214E742A00068EA8 /* Home_Research.xcdatamodeld */,
				8B01E027214E7A9C00068EA8 /* HomeProperty.swift */,
				8B01E02B214E893100068EA8 /* HomePropertyManager.swift */,
				8B01E02D214E8ED600068EA8 /* HomePropertyTableViewController.swift */,
			);
			path = "Home Research";
			sourceTree = "<group>";
		};
		8B01E00B214E742B00068EA8 /* Home ResearchTests */ = {
			isa = PBXGroup;
			children = (
				8B01E00C214E742B00068EA8 /* Home_ResearchTests.swift */,
				8B01E00E214E742B00068EA8 /* Info.plist */,
				8B01E025214E7A8F00068EA8 /* HomePropertyTests.swift */,
				8B01E029214E88E200068EA8 /* HomePropertyManagerSpec.swift */,
			);
			path = "Home ResearchTests";
			sourceTree = "<group>";
		};
		8B01E016214E742B00068EA8 /* Home ResearchUITests */ = {
			isa = PBXGroup;
			children = (
				8B01E017214E742B00068EA8 /* Home_ResearchUITests.swift */,
				8B01E019214E742B00068EA8 /* Info.plist */,
			);
			path = "Home ResearchUITests";
			sourceTree = "<group>";
		};
		96902A8459D070D49F9BC849 /* Pods */ = {
			isa = PBXGroup;
			children = (
				984F5CFC6A5FABB2725D8329 /* Pods-Home Research.debug.xcconfig */,
				AEA9342CA2E22797B59200E1 /* Pods-Home Research.release.xcconfig */,
				86529E4A457D0DA63C50091B /* Pods-Home ResearchTests.debug.xcconfig */,
				8E52C7B1F3B7B6079B764F6F /* Pods-Home ResearchTests.release.xcconfig */,
				1D1DD420AE133D1825CE706B /* Pods-Home ResearchUITests.debug.xcconfig */,
				69512BD98AAC6778A493D420 /* Pods-Home ResearchUITests.release.xcconfig */,
			);
			name = Pods;
			sourceTree = "<group>";
		};
/* End PBXGroup section */

/* Begin PBXNativeTarget section */
		8B01DFF0214E742900068EA8 /* Home Research */ = {
			isa = PBXNativeTarget;
			buildConfigurationList = 8B01E01C214E742B00068EA8 /* Build configuration list for PBXNativeTarget "Home Research" */;
			buildPhases = (
				965B545315A877BA5202FBFC /* [CP] Check Pods Manifest.lock */,
				8B01DFED214E742900068EA8 /* Sources */,
				8B01DFEE214E742900068EA8 /* Frameworks */,
				8B01DFEF214E742900068EA8 /* Resources */,
			);
			buildRules = (
			);
			dependencies = (
			);
			name = "Home Research";
			productName = "Home Research";
			productReference = 8B01DFF1214E742900068EA8 /* Home Research.app */;
			productType = "com.apple.product-type.application";
		};
		8B01E007214E742B00068EA8 /* Home ResearchTests */ = {
			isa = PBXNativeTarget;
			buildConfigurationList = 8B01E01F214E742B00068EA8 /* Build configuration list for PBXNativeTarget "Home ResearchTests" */;
			buildPhases = (
				892B04A59030A7478823A795 /* [CP] Check Pods Manifest.lock */,
				8B01E004214E742B00068EA8 /* Sources */,
				8B01E005214E742B00068EA8 /* Frameworks */,
				8B01E006214E742B00068EA8 /* Resources */,
				FFF59823CF251E29EB4228FB /* [CP] Embed Pods Frameworks */,
			);
			buildRules = (
			);
			dependencies = (
				8B01E00A214E742B00068EA8 /* PBXTargetDependency */,
			);
			name = "Home ResearchTests";
			productName = "Home ResearchTests";
			productReference = 8B01E008214E742B00068EA8 /* Home ResearchTests.xctest */;
			productType = "com.apple.product-type.bundle.unit-test";
		};
		8B01E012214E742B00068EA8 /* Home ResearchUITests */ = {
			isa = PBXNativeTarget;
			buildConfigurationList = 8B01E022214E742B00068EA8 /* Build configuration list for PBXNativeTarget "Home ResearchUITests" */;
			buildPhases = (
				F9F5E6B548CC6CAA00D98FDE /* [CP] Check Pods Manifest.lock */,
				8B01E00F214E742B00068EA8 /* Sources */,
				8B01E010214E742B00068EA8 /* Frameworks */,
				8B01E011214E742B00068EA8 /* Resources */,
			);
			buildRules = (
			);
			dependencies = (
				8B01E015214E742B00068EA8 /* PBXTargetDependency */,
			);
			name = "Home ResearchUITests";
			productName = "Home ResearchUITests";
			productReference = 8B01E013214E742B00068EA8 /* Home ResearchUITests.xctest */;
			productType = "com.apple.product-type.bundle.ui-testing";
		};
/* End PBXNativeTarget section */

/* Begin PBXProject section */
		8B01DFE9214E742900068EA8 /* Project object */ = {
			isa = PBXProject;
			attributes = {
				LastSwiftUpdateCheck = 0930;
				LastUpgradeCheck = 0930;
				ORGANIZATIONNAME = "Vantan LLC";
				TargetAttributes = {
					8B01DFF0214E742900068EA8 = {
						CreatedOnToolsVersion = 9.3;
					};
					8B01E007214E742B00068EA8 = {
						CreatedOnToolsVersion = 9.3;
						TestTargetID = 8B01DFF0214E742900068EA8;
					};
					8B01E012214E742B00068EA8 = {
						CreatedOnToolsVersion = 9.3;
						TestTargetID = 8B01DFF0214E742900068EA8;
					};
				};
			};
			buildConfigurationList = 8B01DFEC214E742900068EA8 /* Build configuration list for PBXProject "Home Research" */;
			compatibilityVersion = "Xcode 9.3";
			developmentRegion = en;
			hasScannedForEncodings = 0;
			knownRegions = (
				en,
				Base,
			);
			mainGroup = 8B01DFE8214E742900068EA8;
			productRefGroup = 8B01DFF2214E742900068EA8 /* Products */;
			projectDirPath = "";
			projectRoot = "";
			targets = (
				8B01DFF0214E742900068EA8 /* Home Research */,
				8B01E007214E742B00068EA8 /* Home ResearchTests */,
				8B01E012214E742B00068EA8 /* Home ResearchUITests */,
			);
		};
/* End PBXProject section */

/* Begin PBXResourcesBuildPhase section */
		8B01DFEF214E742900068EA8 /* Resources */ = {
			isa = PBXResourcesBuildPhase;
			buildActionMask = 2147483647;
			files = (
				8B01E002214E742B00068EA8 /* LaunchScreen.storyboard in Resources */,
				8B01DFFF214E742B00068EA8 /* Assets.xcassets in Resources */,
				8B01DFFA214E742A00068EA8 /* Main.storyboard in Resources */,
			);
			runOnlyForDeploymentPostprocessing = 0;
		};
		8B01E006214E742B00068EA8 /* Resources */ = {
			isa = PBXResourcesBuildPhase;
			buildActionMask = 2147483647;
			files = (
			);
			runOnlyForDeploymentPostprocessing = 0;
		};
		8B01E011214E742B00068EA8 /* Resources */ = {
			isa = PBXResourcesBuildPhase;
			buildActionMask = 2147483647;
			files = (
			);
			runOnlyForDeploymentPostprocessing = 0;
		};
/* End PBXResourcesBuildPhase section */

/* Begin PBXShellScriptBuildPhase section */
		892B04A59030A7478823A795 /* [CP] Check Pods Manifest.lock */ = {
			isa = PBXShellScriptBuildPhase;
			buildActionMask = 2147483647;
			files = (
			);
			inputPaths = (
				"${PODS_PODFILE_DIR_PATH}/Podfile.lock",
				"${PODS_ROOT}/Manifest.lock",
			);
			name = "[CP] Check Pods Manifest.lock";
			outputPaths = (
				"$(DERIVED_FILE_DIR)/Pods-Home ResearchTests-checkManifestLockResult.txt",
			);
			runOnlyForDeploymentPostprocessing = 0;
			shellPath = /bin/sh;
			shellScript = "diff \"${PODS_PODFILE_DIR_PATH}/Podfile.lock\" \"${PODS_ROOT}/Manifest.lock\" > /dev/null\nif [ $? != 0 ] ; then\n    # print error to STDERR\n    echo \"error: The sandbox is not in sync with the Podfile.lock. Run 'pod install' or update your CocoaPods installation.\" >&2\n    exit 1\nfi\n# This output is used by Xcode 'outputs' to avoid re-running this script phase.\necho \"SUCCESS\" > \"${SCRIPT_OUTPUT_FILE_0}\"\n";
			showEnvVarsInLog = 0;
		};
		965B545315A877BA5202FBFC /* [CP] Check Pods Manifest.lock */ = {
			isa = PBXShellScriptBuildPhase;
			buildActionMask = 2147483647;
			files = (
			);
			inputPaths = (
				"${PODS_PODFILE_DIR_PATH}/Podfile.lock",
				"${PODS_ROOT}/Manifest.lock",
			);
			name = "[CP] Check Pods Manifest.lock";
			outputPaths = (
				"$(DERIVED_FILE_DIR)/Pods-Home Research-checkManifestLockResult.txt",
			);
			runOnlyForDeploymentPostprocessing = 0;
			shellPath = /bin/sh;
			shellScript = "diff \"${PODS_PODFILE_DIR_PATH}/Podfile.lock\" \"${PODS_ROOT}/Manifest.lock\" > /dev/null\nif [ $? != 0 ] ; then\n    # print error to STDERR\n    echo \"error: The sandbox is not in sync with the Podfile.lock. Run 'pod install' or update your CocoaPods installation.\" >&2\n    exit 1\nfi\n# This output is used by Xcode 'outputs' to avoid re-running this script phase.\necho \"SUCCESS\" > \"${SCRIPT_OUTPUT_FILE_0}\"\n";
			showEnvVarsInLog = 0;
		};
		F9F5E6B548CC6CAA00D98FDE /* [CP] Check Pods Manifest.lock */ = {
			isa = PBXShellScriptBuildPhase;
			buildActionMask = 2147483647;
			files = (
			);
			inputPaths = (
				"${PODS_PODFILE_DIR_PATH}/Podfile.lock",
				"${PODS_ROOT}/Manifest.lock",
			);
			name = "[CP] Check Pods Manifest.lock";
			outputPaths = (
				"$(DERIVED_FILE_DIR)/Pods-Home ResearchUITests-checkManifestLockResult.txt",
			);
			runOnlyForDeploymentPostprocessing = 0;
			shellPath = /bin/sh;
			shellScript = "diff \"${PODS_PODFILE_DIR_PATH}/Podfile.lock\" \"${PODS_ROOT}/Manifest.lock\" > /dev/null\nif [ $? != 0 ] ; then\n    # print error to STDERR\n    echo \"error: The sandbox is not in sync with the Podfile.lock. Run 'pod install' or update your CocoaPods installation.\" >&2\n    exit 1\nfi\n# This output is used by Xcode 'outputs' to avoid re-running this script phase.\necho \"SUCCESS\" > \"${SCRIPT_OUTPUT_FILE_0}\"\n";
			showEnvVarsInLog = 0;
		};
		FFF59823CF251E29EB4228FB /* [CP] Embed Pods Frameworks */ = {
			isa = PBXShellScriptBuildPhase;
			buildActionMask = 2147483647;
			files = (
			);
			inputPaths = (
				"${SRCROOT}/Pods/Target Support Files/Pods-Home ResearchTests/Pods-Home ResearchTests-frameworks.sh",
				"${BUILT_PRODUCTS_DIR}/Nimble/Nimble.framework",
				"${BUILT_PRODUCTS_DIR}/Quick/Quick.framework",
			);
			name = "[CP] Embed Pods Frameworks";
			outputPaths = (
				"${TARGET_BUILD_DIR}/${FRAMEWORKS_FOLDER_PATH}/Nimble.framework",
				"${TARGET_BUILD_DIR}/${FRAMEWORKS_FOLDER_PATH}/Quick.framework",
			);
			runOnlyForDeploymentPostprocessing = 0;
			shellPath = /bin/sh;
			shellScript = "\"${SRCROOT}/Pods/Target Support Files/Pods-Home ResearchTests/Pods-Home ResearchTests-frameworks.sh\"\n";
			showEnvVarsInLog = 0;
		};
/* End PBXShellScriptBuildPhase section */

/* Begin PBXSourcesBuildPhase section */
		8B01DFED214E742900068EA8 /* Sources */ = {
			isa = PBXSourcesBuildPhase;
			buildActionMask = 2147483647;
			files = (
				8B01DFFD214E742A00068EA8 /* Home_Research.xcdatamodeld in Sources */,
				8B01E02C214E893100068EA8 /* HomePropertyManager.swift in Sources */,
				8B01DFF5214E742900068EA8 /* AppDelegate.swift in Sources */,
				8B01E02E214E8ED600068EA8 /* HomePropertyTableViewController.swift in Sources */,
				8B01E028214E7A9C00068EA8 /* HomeProperty.swift in Sources */,
			);
			runOnlyForDeploymentPostprocessing = 0;
		};
		8B01E004214E742B00068EA8 /* Sources */ = {
			isa = PBXSourcesBuildPhase;
			buildActionMask = 2147483647;
			files = (
				8B01E00D214E742B00068EA8 /* Home_ResearchTests.swift in Sources */,
				8B01E02A214E88E200068EA8 /* HomePropertyManagerSpec.swift in Sources */,
				8B01E026214E7A8F00068EA8 /* HomePropertyTests.swift in Sources */,
			);
			runOnlyForDeploymentPostprocessing = 0;
		};
		8B01E00F214E742B00068EA8 /* Sources */ = {
			isa = PBXSourcesBuildPhase;
			buildActionMask = 2147483647;
			files = (
				8B01E018214E742B00068EA8 /* Home_ResearchUITests.swift in Sources */,
			);
			runOnlyForDeploymentPostprocessing = 0;
		};
/* End PBXSourcesBuildPhase section */

/* Begin PBXTargetDependency section */
		8B01E00A214E742B00068EA8 /* PBXTargetDependency */ = {
			isa = PBXTargetDependency;
			target = 8B01DFF0214E742900068EA8 /* Home Research */;
			targetProxy = 8B01E009214E742B00068EA8 /* PBXContainerItemProxy */;
		};
		8B01E015214E742B00068EA8 /* PBXTargetDependency */ = {
			isa = PBXTargetDependency;
			target = 8B01DFF0214E742900068EA8 /* Home Research */;
			targetProxy = 8B01E014214E742B00068EA8 /* PBXContainerItemProxy */;
		};
/* End PBXTargetDependency section */

/* Begin PBXVariantGroup section */
		8B01DFF8214E742A00068EA8 /* Main.storyboard */ = {
			isa = PBXVariantGroup;
			children = (
				8B01DFF9214E742A00068EA8 /* Base */,
			);
			name = Main.storyboard;
			sourceTree = "<group>";
		};
		8B01E000214E742B00068EA8 /* LaunchScreen.storyboard */ = {
			isa = PBXVariantGroup;
			children = (
				8B01E001214E742B00068EA8 /* Base */,
			);
			name = LaunchScreen.storyboard;
			sourceTree = "<group>";
		};
/* End PBXVariantGroup section */

/* Begin XCBuildConfiguration section */
		8B01E01A214E742B00068EA8 /* Debug */ = {
			isa = XCBuildConfiguration;
			buildSettings = {
				ALWAYS_SEARCH_USER_PATHS = NO;
				CLANG_ANALYZER_NONNULL = YES;
				CLANG_ANALYZER_NUMBER_OBJECT_CONVERSION = YES_AGGRESSIVE;
				CLANG_CXX_LANGUAGE_STANDARD = "gnu++14";
				CLANG_CXX_LIBRARY = "libc++";
				CLANG_ENABLE_MODULES = YES;
				CLANG_ENABLE_OBJC_ARC = YES;
				CLANG_ENABLE_OBJC_WEAK = YES;
				CLANG_WARN_BLOCK_CAPTURE_AUTORELEASING = YES;
				CLANG_WARN_BOOL_CONVERSION = YES;
				CLANG_WARN_COMMA = YES;
				CLANG_WARN_CONSTANT_CONVERSION = YES;
				CLANG_WARN_DEPRECATED_OBJC_IMPLEMENTATIONS = YES;
				CLANG_WARN_DIRECT_OBJC_ISA_USAGE = YES_ERROR;
				CLANG_WARN_DOCUMENTATION_COMMENTS = YES;
				CLANG_WARN_EMPTY_BODY = YES;
				CLANG_WARN_ENUM_CONVERSION = YES;
				CLANG_WARN_INFINITE_RECURSION = YES;
				CLANG_WARN_INT_CONVERSION = YES;
				CLANG_WARN_NON_LITERAL_NULL_CONVERSION = YES;
				CLANG_WARN_OBJC_IMPLICIT_RETAIN_SELF = YES;
				CLANG_WARN_OBJC_LITERAL_CONVERSION = YES;
				CLANG_WARN_OBJC_ROOT_CLASS = YES_ERROR;
				CLANG_WARN_RANGE_LOOP_ANALYSIS = YES;
				CLANG_WARN_STRICT_PROTOTYPES = YES;
				CLANG_WARN_SUSPICIOUS_MOVE = YES;
				CLANG_WARN_UNGUARDED_AVAILABILITY = YES_AGGRESSIVE;
				CLANG_WARN_UNREACHABLE_CODE = YES;
				CLANG_WARN__DUPLICATE_METHOD_MATCH = YES;
				CODE_SIGN_IDENTITY = "iPhone Developer";
				COPY_PHASE_STRIP = NO;
				DEBUG_INFORMATION_FORMAT = dwarf;
				ENABLE_STRICT_OBJC_MSGSEND = YES;
				ENABLE_TESTABILITY = YES;
				GCC_C_LANGUAGE_STANDARD = gnu11;
				GCC_DYNAMIC_NO_PIC = NO;
				GCC_NO_COMMON_BLOCKS = YES;
				GCC_OPTIMIZATION_LEVEL = 0;
				GCC_PREPROCESSOR_DEFINITIONS = (
					"DEBUG=1",
					"$(inherited)",
				);
				GCC_WARN_64_TO_32_BIT_CONVERSION = YES;
				GCC_WARN_ABOUT_RETURN_TYPE = YES_ERROR;
				GCC_WARN_UNDECLARED_SELECTOR = YES;
				GCC_WARN_UNINITIALIZED_AUTOS = YES_AGGRESSIVE;
				GCC_WARN_UNUSED_FUNCTION = YES;
				GCC_WARN_UNUSED_VARIABLE = YES;
				IPHONEOS_DEPLOYMENT_TARGET = 11.3;
				MTL_ENABLE_DEBUG_INFO = YES;
				ONLY_ACTIVE_ARCH = YES;
				SDKROOT = iphoneos;
				SWIFT_ACTIVE_COMPILATION_CONDITIONS = DEBUG;
				SWIFT_OPTIMIZATION_LEVEL = "-Onone";
			};
			name = Debug;
		};
		8B01E01B214E742B00068EA8 /* Release */ = {
			isa = XCBuildConfiguration;
			buildSettings = {
				ALWAYS_SEARCH_USER_PATHS = NO;
				CLANG_ANALYZER_NONNULL = YES;
				CLANG_ANALYZER_NUMBER_OBJECT_CONVERSION = YES_AGGRESSIVE;
				CLANG_CXX_LANGUAGE_STANDARD = "gnu++14";
				CLANG_CXX_LIBRARY = "libc++";
				CLANG_ENABLE_MODULES = YES;
				CLANG_ENABLE_OBJC_ARC = YES;
				CLANG_ENABLE_OBJC_WEAK = YES;
				CLANG_WARN_BLOCK_CAPTURE_AUTORELEASING = YES;
				CLANG_WARN_BOOL_CONVERSION = YES;
				CLANG_WARN_COMMA = YES;
				CLANG_WARN_CONSTANT_CONVERSION = YES;
				CLANG_WARN_DEPRECATED_OBJC_IMPLEMENTATIONS = YES;
				CLANG_WARN_DIRECT_OBJC_ISA_USAGE = YES_ERROR;
				CLANG_WARN_DOCUMENTATION_COMMENTS = YES;
				CLANG_WARN_EMPTY_BODY = YES;
				CLANG_WARN_ENUM_CONVERSION = YES;
				CLANG_WARN_INFINITE_RECURSION = YES;
				CLANG_WARN_INT_CONVERSION = YES;
				CLANG_WARN_NON_LITERAL_NULL_CONVERSION = YES;
				CLANG_WARN_OBJC_IMPLICIT_RETAIN_SELF = YES;
				CLANG_WARN_OBJC_LITERAL_CONVERSION = YES;
				CLANG_WARN_OBJC_ROOT_CLASS = YES_ERROR;
				CLANG_WARN_RANGE_LOOP_ANALYSIS = YES;
				CLANG_WARN_STRICT_PROTOTYPES = YES;
				CLANG_WARN_SUSPICIOUS_MOVE = YES;
				CLANG_WARN_UNGUARDED_AVAILABILITY = YES_AGGRESSIVE;
				CLANG_WARN_UNREACHABLE_CODE = YES;
				CLANG_WARN__DUPLICATE_METHOD_MATCH = YES;
				CODE_SIGN_IDENTITY = "iPhone Developer";
				COPY_PHASE_STRIP = NO;
				DEBUG_INFORMATION_FORMAT = "dwarf-with-dsym";
				ENABLE_NS_ASSERTIONS = NO;
				ENABLE_STRICT_OBJC_MSGSEND = YES;
				GCC_C_LANGUAGE_STANDARD = gnu11;
				GCC_NO_COMMON_BLOCKS = YES;
				GCC_WARN_64_TO_32_BIT_CONVERSION = YES;
				GCC_WARN_ABOUT_RETURN_TYPE = YES_ERROR;
				GCC_WARN_UNDECLARED_SELECTOR = YES;
				GCC_WARN_UNINITIALIZED_AUTOS = YES_AGGRESSIVE;
				GCC_WARN_UNUSED_FUNCTION = YES;
				GCC_WARN_UNUSED_VARIABLE = YES;
				IPHONEOS_DEPLOYMENT_TARGET = 11.3;
				MTL_ENABLE_DEBUG_INFO = NO;
				SDKROOT = iphoneos;
				SWIFT_COMPILATION_MODE = wholemodule;
				SWIFT_OPTIMIZATION_LEVEL = "-O";
				VALIDATE_PRODUCT = YES;
			};
			name = Release;
		};
		8B01E01D214E742B00068EA8 /* Debug */ = {
			isa = XCBuildConfiguration;
			baseConfigurationReference = 984F5CFC6A5FABB2725D8329 /* Pods-Home Research.debug.xcconfig */;
			buildSettings = {
				ASSETCATALOG_COMPILER_APPICON_NAME = AppIcon;
				CODE_SIGN_STYLE = Automatic;
				DEVELOPMENT_TEAM = SNXMW75MBJ;
				INFOPLIST_FILE = "Home Research/Info.plist";
				LD_RUNPATH_SEARCH_PATHS = (
					"$(inherited)",
					"@executable_path/Frameworks",
				);
				PRODUCT_BUNDLE_IDENTIFIER = "com.Vantan.LLC.Home-Research";
				PRODUCT_NAME = "$(TARGET_NAME)";
				SWIFT_VERSION = 4.0;
				TARGETED_DEVICE_FAMILY = "1,2";
			};
			name = Debug;
		};
		8B01E01E214E742B00068EA8 /* Release */ = {
			isa = XCBuildConfiguration;
			baseConfigurationReference = AEA9342CA2E22797B59200E1 /* Pods-Home Research.release.xcconfig */;
			buildSettings = {
				ASSETCATALOG_COMPILER_APPICON_NAME = AppIcon;
				CODE_SIGN_STYLE = Automatic;
				DEVELOPMENT_TEAM = SNXMW75MBJ;
				INFOPLIST_FILE = "Home Research/Info.plist";
				LD_RUNPATH_SEARCH_PATHS = (
					"$(inherited)",
					"@executable_path/Frameworks",
				);
				PRODUCT_BUNDLE_IDENTIFIER = "com.Vantan.LLC.Home-Research";
				PRODUCT_NAME = "$(TARGET_NAME)";
				SWIFT_VERSION = 4.0;
				TARGETED_DEVICE_FAMILY = "1,2";
			};
			name = Release;
		};
		8B01E020214E742B00068EA8 /* Debug */ = {
			isa = XCBuildConfiguration;
			baseConfigurationReference = 86529E4A457D0DA63C50091B /* Pods-Home ResearchTests.debug.xcconfig */;
			buildSettings = {
				ALWAYS_EMBED_SWIFT_STANDARD_LIBRARIES = YES;
				BUNDLE_LOADER = "$(TEST_HOST)";
				CODE_SIGN_STYLE = Automatic;
				DEVELOPMENT_TEAM = SNXMW75MBJ;
				INFOPLIST_FILE = "Home ResearchTests/Info.plist";
				LD_RUNPATH_SEARCH_PATHS = (
					"$(inherited)",
					"@executable_path/Frameworks",
					"@loader_path/Frameworks",
				);
				PRODUCT_BUNDLE_IDENTIFIER = "com.Vantan.LLC.Home-ResearchTests";
				PRODUCT_NAME = "$(TARGET_NAME)";
				SWIFT_VERSION = 4.0;
				TARGETED_DEVICE_FAMILY = "1,2";
				TEST_HOST = "$(BUILT_PRODUCTS_DIR)/Home Research.app/Home Research";
			};
			name = Debug;
		};
		8B01E021214E742B00068EA8 /* Release */ = {
			isa = XCBuildConfiguration;
			baseConfigurationReference = 8E52C7B1F3B7B6079B764F6F /* Pods-Home ResearchTests.release.xcconfig */;
			buildSettings = {
				ALWAYS_EMBED_SWIFT_STANDARD_LIBRARIES = YES;
				BUNDLE_LOADER = "$(TEST_HOST)";
				CODE_SIGN_STYLE = Automatic;
				DEVELOPMENT_TEAM = SNXMW75MBJ;
				INFOPLIST_FILE = "Home ResearchTests/Info.plist";
				LD_RUNPATH_SEARCH_PATHS = (
					"$(inherited)",
					"@executable_path/Frameworks",
					"@loader_path/Frameworks",
				);
				PRODUCT_BUNDLE_IDENTIFIER = "com.Vantan.LLC.Home-ResearchTests";
				PRODUCT_NAME = "$(TARGET_NAME)";
				SWIFT_VERSION = 4.0;
				TARGETED_DEVICE_FAMILY = "1,2";
				TEST_HOST = "$(BUILT_PRODUCTS_DIR)/Home Research.app/Home Research";
			};
			name = Release;
		};
		8B01E023214E742B00068EA8 /* Debug */ = {
			isa = XCBuildConfiguration;
			baseConfigurationReference = 1D1DD420AE133D1825CE706B /* Pods-Home ResearchUITests.debug.xcconfig */;
			buildSettings = {
				ALWAYS_EMBED_SWIFT_STANDARD_LIBRARIES = YES;
				CODE_SIGN_STYLE = Automatic;
				DEVELOPMENT_TEAM = SNXMW75MBJ;
				INFOPLIST_FILE = "Home ResearchUITests/Info.plist";
				LD_RUNPATH_SEARCH_PATHS = (
					"$(inherited)",
					"@executable_path/Frameworks",
					"@loader_path/Frameworks",
				);
				PRODUCT_BUNDLE_IDENTIFIER = "com.Vantan.LLC.Home-ResearchUITests";
				PRODUCT_NAME = "$(TARGET_NAME)";
				SWIFT_VERSION = 4.0;
				TARGETED_DEVICE_FAMILY = "1,2";
				TEST_TARGET_NAME = "Home Research";
			};
			name = Debug;
		};
		8B01E024214E742B00068EA8 /* Release */ = {
			isa = XCBuildConfiguration;
			baseConfigurationReference = 69512BD98AAC6778A493D420 /* Pods-Home ResearchUITests.release.xcconfig */;
			buildSettings = {
				ALWAYS_EMBED_SWIFT_STANDARD_LIBRARIES = YES;
				CODE_SIGN_STYLE = Automatic;
				DEVELOPMENT_TEAM = SNXMW75MBJ;
				INFOPLIST_FILE = "Home ResearchUITests/Info.plist";
				LD_RUNPATH_SEARCH_PATHS = (
					"$(inherited)",
					"@executable_path/Frameworks",
					"@loader_path/Frameworks",
				);
				PRODUCT_BUNDLE_IDENTIFIER = "com.Vantan.LLC.Home-ResearchUITests";
				PRODUCT_NAME = "$(TARGET_NAME)";
				SWIFT_VERSION = 4.0;
				TARGETED_DEVICE_FAMILY = "1,2";
				TEST_TARGET_NAME = "Home Research";
			};
			name = Release;
		};
/* End XCBuildConfiguration section */

/* Begin XCConfigurationList section */
		8B01DFEC214E742900068EA8 /* Build configuration list for PBXProject "Home Research" */ = {
			isa = XCConfigurationList;
			buildConfigurations = (
				8B01E01A214E742B00068EA8 /* Debug */,
				8B01E01B214E742B00068EA8 /* Release */,
			);
			defaultConfigurationIsVisible = 0;
			defaultConfigurationName = Release;
		};
		8B01E01C214E742B00068EA8 /* Build configuration list for PBXNativeTarget "Home Research" */ = {
			isa = XCConfigurationList;
			buildConfigurations = (
				8B01E01D214E742B00068EA8 /* Debug */,
				8B01E01E214E742B00068EA8 /* Release */,
			);
			defaultConfigurationIsVisible = 0;
			defaultConfigurationName = Release;
		};
		8B01E01F214E742B00068EA8 /* Build configuration list for PBXNativeTarget "Home ResearchTests" */ = {
			isa = XCConfigurationList;
			buildConfigurations = (
				8B01E020214E742B00068EA8 /* Debug */,
				8B01E021214E742B00068EA8 /* Release */,
			);
			defaultConfigurationIsVisible = 0;
			defaultConfigurationName = Release;
		};
		8B01E022214E742B00068EA8 /* Build configuration list for PBXNativeTarget "Home ResearchUITests" */ = {
			isa = XCConfigurationList;
			buildConfigurations = (
				8B01E023214E742B00068EA8 /* Debug */,
				8B01E024214E742B00068EA8 /* Release */,
			);
			defaultConfigurationIsVisible = 0;
			defaultConfigurationName = Release;
		};
/* End XCConfigurationList section */

/* Begin XCVersionGroup section */
		8B01DFFB214E742A00068EA8 /* Home_Research.xcdatamodeld */ = {
			isa = XCVersionGroup;
			children = (
				8B01DFFC214E742A00068EA8 /* Home_Research.xcdatamodel */,
			);
			currentVersion = 8B01DFFC214E742A00068EA8 /* Home_Research.xcdatamodel */;
			path = Home_Research.xcdatamodeld;
			sourceTree = "<group>";
			versionGroupType = wrapper.xcdatamodel;
		};
/* End XCVersionGroup section */
	};
	rootObject = 8B01DFE9214E742900068EA8 /* Project object */;
}
